// !$*UTF8*$!
{
	archiveVersion = 1;
	classes = {
	};
	objectVersion = 55;
	objects = {

/* Begin PBXBuildFile section */
		CC641B5C273D1BEB00FB268B /* ServiceData in Frameworks */ = {isa = PBXBuildFile; productRef = CC641B5B273D1BEB00FB268B /* ServiceData */; };
		CC6A5B4C273AD33000848D29 /* AppDelegate.swift in Sources */ = {isa = PBXBuildFile; fileRef = CC6A5B4B273AD33000848D29 /* AppDelegate.swift */; };
		CC6A5B4E273AD33000848D29 /* SceneDelegate.swift in Sources */ = {isa = PBXBuildFile; fileRef = CC6A5B4D273AD33000848D29 /* SceneDelegate.swift */; };
		CC6A5B53273AD33000848D29 /* Main.storyboard in Resources */ = {isa = PBXBuildFile; fileRef = CC6A5B51273AD33000848D29 /* Main.storyboard */; };
		CC6A5B55273AD33200848D29 /* Assets.xcassets in Resources */ = {isa = PBXBuildFile; fileRef = CC6A5B54273AD33200848D29 /* Assets.xcassets */; };
		CC6A5B58273AD33200848D29 /* LaunchScreen.storyboard in Resources */ = {isa = PBXBuildFile; fileRef = CC6A5B56273AD33200848D29 /* LaunchScreen.storyboard */; };
		CC6A5B63273AD33200848D29 /* ElmAssignmentTests.swift in Sources */ = {isa = PBXBuildFile; fileRef = CC6A5B62273AD33200848D29 /* ElmAssignmentTests.swift */; };
		CC6A5B6D273AD33200848D29 /* ElmAssignmentUITests.swift in Sources */ = {isa = PBXBuildFile; fileRef = CC6A5B6C273AD33200848D29 /* ElmAssignmentUITests.swift */; };
		CC6A5B6F273AD33200848D29 /* ElmAssignmentUITestsLaunchTests.swift in Sources */ = {isa = PBXBuildFile; fileRef = CC6A5B6E273AD33200848D29 /* ElmAssignmentUITestsLaunchTests.swift */; };
		CC6A5B7C273ADBD500848D29 /* SecondVC.swift in Sources */ = {isa = PBXBuildFile; fileRef = CC6A5B7B273ADBD500848D29 /* SecondVC.swift */; };
		CC6A5B87273B8C4600848D29 /* FirstVC.swift in Sources */ = {isa = PBXBuildFile; fileRef = CC6A5B86273B8C4600848D29 /* FirstVC.swift */; };
		CC6A5B89273B8FDD00848D29 /* User.swift in Sources */ = {isa = PBXBuildFile; fileRef = CC6A5B88273B8FDD00848D29 /* User.swift */; };
		CC6A5B8B273BE4B600848D29 /* UserCell.swift in Sources */ = {isa = PBXBuildFile; fileRef = CC6A5B8A273BE4B600848D29 /* UserCell.swift */; };
		CC6A5B8E273C366900848D29 /* UIImageViewExt.swift in Sources */ = {isa = PBXBuildFile; fileRef = CC6A5B8D273C366900848D29 /* UIImageViewExt.swift */; };
		CC6A5B90273C414C00848D29 /* UserVM.swift in Sources */ = {isa = PBXBuildFile; fileRef = CC6A5B8F273C414C00848D29 /* UserVM.swift */; };
/* End PBXBuildFile section */

/* Begin PBXContainerItemProxy section */
		CC6A5B5F273AD33200848D29 /* PBXContainerItemProxy */ = {
			isa = PBXContainerItemProxy;
			containerPortal = CC6A5B40273AD33000848D29 /* Project object */;
			proxyType = 1;
			remoteGlobalIDString = CC6A5B47273AD33000848D29;
			remoteInfo = ElmAssignment;
		};
		CC6A5B69273AD33200848D29 /* PBXContainerItemProxy */ = {
			isa = PBXContainerItemProxy;
			containerPortal = CC6A5B40273AD33000848D29 /* Project object */;
			proxyType = 1;
			remoteGlobalIDString = CC6A5B47273AD33000848D29;
			remoteInfo = ElmAssignment;
		};
/* End PBXContainerItemProxy section */

/* Begin PBXFileReference section */
		CC6A5B48273AD33000848D29 /* ElmAssignment.app */ = {isa = PBXFileReference; explicitFileType = wrapper.application; includeInIndex = 0; path = ElmAssignment.app; sourceTree = BUILT_PRODUCTS_DIR; };
		CC6A5B4B273AD33000848D29 /* AppDelegate.swift */ = {isa = PBXFileReference; lastKnownFileType = sourcecode.swift; path = AppDelegate.swift; sourceTree = "<group>"; };
		CC6A5B4D273AD33000848D29 /* SceneDelegate.swift */ = {isa = PBXFileReference; lastKnownFileType = sourcecode.swift; path = SceneDelegate.swift; sourceTree = "<group>"; };
		CC6A5B52273AD33000848D29 /* Base */ = {isa = PBXFileReference; lastKnownFileType = file.storyboard; name = Base; path = Base.lproj/Main.storyboard; sourceTree = "<group>"; };
		CC6A5B54273AD33200848D29 /* Assets.xcassets */ = {isa = PBXFileReference; lastKnownFileType = folder.assetcatalog; path = Assets.xcassets; sourceTree = "<group>"; };
		CC6A5B57273AD33200848D29 /* Base */ = {isa = PBXFileReference; lastKnownFileType = file.storyboard; name = Base; path = Base.lproj/LaunchScreen.storyboard; sourceTree = "<group>"; };
		CC6A5B59273AD33200848D29 /* Info.plist */ = {isa = PBXFileReference; lastKnownFileType = text.plist.xml; path = Info.plist; sourceTree = "<group>"; };
		CC6A5B5E273AD33200848D29 /* ElmAssignmentTests.xctest */ = {isa = PBXFileReference; explicitFileType = wrapper.cfbundle; includeInIndex = 0; path = ElmAssignmentTests.xctest; sourceTree = BUILT_PRODUCTS_DIR; };
		CC6A5B62273AD33200848D29 /* ElmAssignmentTests.swift */ = {isa = PBXFileReference; lastKnownFileType = sourcecode.swift; path = ElmAssignmentTests.swift; sourceTree = "<group>"; };
		CC6A5B68273AD33200848D29 /* ElmAssignmentUITests.xctest */ = {isa = PBXFileReference; explicitFileType = wrapper.cfbundle; includeInIndex = 0; path = ElmAssignmentUITests.xctest; sourceTree = BUILT_PRODUCTS_DIR; };
		CC6A5B6C273AD33200848D29 /* ElmAssignmentUITests.swift */ = {isa = PBXFileReference; lastKnownFileType = sourcecode.swift; path = ElmAssignmentUITests.swift; sourceTree = "<group>"; };
		CC6A5B6E273AD33200848D29 /* ElmAssignmentUITestsLaunchTests.swift */ = {isa = PBXFileReference; lastKnownFileType = sourcecode.swift; path = ElmAssignmentUITestsLaunchTests.swift; sourceTree = "<group>"; };
		CC6A5B7B273ADBD500848D29 /* SecondVC.swift */ = {isa = PBXFileReference; lastKnownFileType = sourcecode.swift; path = SecondVC.swift; sourceTree = "<group>"; };
		CC6A5B86273B8C4600848D29 /* FirstVC.swift */ = {isa = PBXFileReference; lastKnownFileType = sourcecode.swift; path = FirstVC.swift; sourceTree = "<group>"; };
		CC6A5B88273B8FDD00848D29 /* User.swift */ = {isa = PBXFileReference; lastKnownFileType = sourcecode.swift; path = User.swift; sourceTree = "<group>"; };
		CC6A5B8A273BE4B600848D29 /* UserCell.swift */ = {isa = PBXFileReference; lastKnownFileType = sourcecode.swift; path = UserCell.swift; sourceTree = "<group>"; };
		CC6A5B8D273C366900848D29 /* UIImageViewExt.swift */ = {isa = PBXFileReference; lastKnownFileType = sourcecode.swift; path = UIImageViewExt.swift; sourceTree = "<group>"; };
		CC6A5B8F273C414C00848D29 /* UserVM.swift */ = {isa = PBXFileReference; lastKnownFileType = sourcecode.swift; path = UserVM.swift; sourceTree = "<group>"; };
/* End PBXFileReference section */

/* Begin PBXFrameworksBuildPhase section */
		CC6A5B45273AD33000848D29 /* Frameworks */ = {
			isa = PBXFrameworksBuildPhase;
			buildActionMask = 2147483647;
			files = (
				CC641B5C273D1BEB00FB268B /* ServiceData in Frameworks */,
			);
			runOnlyForDeploymentPostprocessing = 0;
		};
		CC6A5B5B273AD33200848D29 /* Frameworks */ = {
			isa = PBXFrameworksBuildPhase;
			buildActionMask = 2147483647;
			files = (
			);
			runOnlyForDeploymentPostprocessing = 0;
		};
		CC6A5B65273AD33200848D29 /* Frameworks */ = {
			isa = PBXFrameworksBuildPhase;
			buildActionMask = 2147483647;
			files = (
			);
			runOnlyForDeploymentPostprocessing = 0;
		};
/* End PBXFrameworksBuildPhase section */

/* Begin PBXGroup section */
		CC6A5B3F273AD33000848D29 = {
			isa = PBXGroup;
			children = (
				CC6A5B4A273AD33000848D29 /* ElmAssignment */,
				CC6A5B61273AD33200848D29 /* ElmAssignmentTests */,
				CC6A5B6B273AD33200848D29 /* ElmAssignmentUITests */,
				CC6A5B49273AD33000848D29 /* Products */,
				CC6A5B92273C501500848D29 /* Frameworks */,
			);
			sourceTree = "<group>";
		};
		CC6A5B49273AD33000848D29 /* Products */ = {
			isa = PBXGroup;
			children = (
				CC6A5B48273AD33000848D29 /* ElmAssignment.app */,
				CC6A5B5E273AD33200848D29 /* ElmAssignmentTests.xctest */,
				CC6A5B68273AD33200848D29 /* ElmAssignmentUITests.xctest */,
			);
			name = Products;
			sourceTree = "<group>";
		};
		CC6A5B4A273AD33000848D29 /* ElmAssignment */ = {
			isa = PBXGroup;
			children = (
				CC6A5B80273B7A6C00848D29 /* Controllers */,
				CC6A5B7D273B790900848D29 /* ViewModels */,
				CC6A5B82273B7BB200848D29 /* View */,
				CC6A5B81273B7BA400848D29 /* Model */,
				CC6A5B8C273C35FC00848D29 /* Extensions */,
				CC6A5B4D273AD33000848D29 /* SceneDelegate.swift */,
				CC6A5B4B273AD33000848D29 /* AppDelegate.swift */,
				CC6A5B51273AD33000848D29 /* Main.storyboard */,
				CC6A5B56273AD33200848D29 /* LaunchScreen.storyboard */,
				CC6A5B54273AD33200848D29 /* Assets.xcassets */,
				CC6A5B59273AD33200848D29 /* Info.plist */,
			);
			path = ElmAssignment;
			sourceTree = "<group>";
		};
		CC6A5B61273AD33200848D29 /* ElmAssignmentTests */ = {
			isa = PBXGroup;
			children = (
				CC6A5B62273AD33200848D29 /* ElmAssignmentTests.swift */,
			);
			path = ElmAssignmentTests;
			sourceTree = "<group>";
		};
		CC6A5B6B273AD33200848D29 /* ElmAssignmentUITests */ = {
			isa = PBXGroup;
			children = (
				CC6A5B6C273AD33200848D29 /* ElmAssignmentUITests.swift */,
				CC6A5B6E273AD33200848D29 /* ElmAssignmentUITestsLaunchTests.swift */,
			);
			path = ElmAssignmentUITests;
			sourceTree = "<group>";
		};
		CC6A5B7D273B790900848D29 /* ViewModels */ = {
			isa = PBXGroup;
			children = (
				CC6A5B8F273C414C00848D29 /* UserVM.swift */,
			);
			path = ViewModels;
			sourceTree = "<group>";
		};
		CC6A5B80273B7A6C00848D29 /* Controllers */ = {
			isa = PBXGroup;
			children = (
				CC6A5B86273B8C4600848D29 /* FirstVC.swift */,
				CC6A5B7B273ADBD500848D29 /* SecondVC.swift */,
			);
			path = Controllers;
			sourceTree = "<group>";
		};
		CC6A5B81273B7BA400848D29 /* Model */ = {
			isa = PBXGroup;
			children = (
				CC6A5B88273B8FDD00848D29 /* User.swift */,
			);
			path = Model;
			sourceTree = "<group>";
		};
		CC6A5B82273B7BB200848D29 /* View */ = {
			isa = PBXGroup;
			children = (
				CC6A5B8A273BE4B600848D29 /* UserCell.swift */,
			);
			path = View;
			sourceTree = "<group>";
		};
		CC6A5B8C273C35FC00848D29 /* Extensions */ = {
			isa = PBXGroup;
			children = (
				CC6A5B8D273C366900848D29 /* UIImageViewExt.swift */,
			);
			path = Extensions;
			sourceTree = "<group>";
		};
		CC6A5B92273C501500848D29 /* Frameworks */ = {
			isa = PBXGroup;
			children = (
			);
			name = Frameworks;
			sourceTree = "<group>";
		};
/* End PBXGroup section */

/* Begin PBXNativeTarget section */
		CC6A5B47273AD33000848D29 /* ElmAssignment */ = {
			isa = PBXNativeTarget;
			buildConfigurationList = CC6A5B72273AD33200848D29 /* Build configuration list for PBXNativeTarget "ElmAssignment" */;
			buildPhases = (
				CC6A5B44273AD33000848D29 /* Sources */,
				CC6A5B45273AD33000848D29 /* Frameworks */,
				CC6A5B46273AD33000848D29 /* Resources */,
			);
			buildRules = (
			);
			dependencies = (
			);
			name = ElmAssignment;
			packageProductDependencies = (
				CC641B5B273D1BEB00FB268B /* ServiceData */,
			);
			productName = ElmAssignment;
			productReference = CC6A5B48273AD33000848D29 /* ElmAssignment.app */;
			productType = "com.apple.product-type.application";
		};
		CC6A5B5D273AD33200848D29 /* ElmAssignmentTests */ = {
			isa = PBXNativeTarget;
			buildConfigurationList = CC6A5B75273AD33200848D29 /* Build configuration list for PBXNativeTarget "ElmAssignmentTests" */;
			buildPhases = (
				CC6A5B5A273AD33200848D29 /* Sources */,
				CC6A5B5B273AD33200848D29 /* Frameworks */,
				CC6A5B5C273AD33200848D29 /* Resources */,
			);
			buildRules = (
			);
			dependencies = (
				CC6A5B60273AD33200848D29 /* PBXTargetDependency */,
			);
			name = ElmAssignmentTests;
			productName = ElmAssignmentTests;
			productReference = CC6A5B5E273AD33200848D29 /* ElmAssignmentTests.xctest */;
			productType = "com.apple.product-type.bundle.unit-test";
		};
		CC6A5B67273AD33200848D29 /* ElmAssignmentUITests */ = {
			isa = PBXNativeTarget;
			buildConfigurationList = CC6A5B78273AD33200848D29 /* Build configuration list for PBXNativeTarget "ElmAssignmentUITests" */;
			buildPhases = (
				CC6A5B64273AD33200848D29 /* Sources */,
				CC6A5B65273AD33200848D29 /* Frameworks */,
				CC6A5B66273AD33200848D29 /* Resources */,
			);
			buildRules = (
			);
			dependencies = (
				CC6A5B6A273AD33200848D29 /* PBXTargetDependency */,
			);
			name = ElmAssignmentUITests;
			productName = ElmAssignmentUITests;
			productReference = CC6A5B68273AD33200848D29 /* ElmAssignmentUITests.xctest */;
			productType = "com.apple.product-type.bundle.ui-testing";
		};
/* End PBXNativeTarget section */

/* Begin PBXProject section */
		CC6A5B40273AD33000848D29 /* Project object */ = {
			isa = PBXProject;
			attributes = {
				BuildIndependentTargetsInParallel = 1;
				LastSwiftUpdateCheck = 1310;
				LastUpgradeCheck = 1310;
				TargetAttributes = {
					CC6A5B47273AD33000848D29 = {
						CreatedOnToolsVersion = 13.1;
					};
					CC6A5B5D273AD33200848D29 = {
						CreatedOnToolsVersion = 13.1;
						TestTargetID = CC6A5B47273AD33000848D29;
					};
					CC6A5B67273AD33200848D29 = {
						CreatedOnToolsVersion = 13.1;
						TestTargetID = CC6A5B47273AD33000848D29;
					};
				};
			};
			buildConfigurationList = CC6A5B43273AD33000848D29 /* Build configuration list for PBXProject "ElmAssignment" */;
			compatibilityVersion = "Xcode 13.0";
			developmentRegion = en;
			hasScannedForEncodings = 0;
			knownRegions = (
				en,
				Base,
			);
			mainGroup = CC6A5B3F273AD33000848D29;
			packageReferences = (
				CC641B5A273D1BEB00FB268B /* XCRemoteSwiftPackageReference "ServiceData" */,
			);
			productRefGroup = CC6A5B49273AD33000848D29 /* Products */;
			projectDirPath = "";
			projectRoot = "";
			targets = (
				CC6A5B47273AD33000848D29 /* ElmAssignment */,
				CC6A5B5D273AD33200848D29 /* ElmAssignmentTests */,
				CC6A5B67273AD33200848D29 /* ElmAssignmentUITests */,
			);
		};
/* End PBXProject section */

/* Begin PBXResourcesBuildPhase section */
		CC6A5B46273AD33000848D29 /* Resources */ = {
			isa = PBXResourcesBuildPhase;
			buildActionMask = 2147483647;
			files = (
				CC6A5B58273AD33200848D29 /* LaunchScreen.storyboard in Resources */,
				CC6A5B55273AD33200848D29 /* Assets.xcassets in Resources */,
				CC6A5B53273AD33000848D29 /* Main.storyboard in Resources */,
			);
			runOnlyForDeploymentPostprocessing = 0;
		};
		CC6A5B5C273AD33200848D29 /* Resources */ = {
			isa = PBXResourcesBuildPhase;
			buildActionMask = 2147483647;
			files = (
			);
			runOnlyForDeploymentPostprocessing = 0;
		};
		CC6A5B66273AD33200848D29 /* Resources */ = {
			isa = PBXResourcesBuildPhase;
			buildActionMask = 2147483647;
			files = (
			);
			runOnlyForDeploymentPostprocessing = 0;
		};
/* End PBXResourcesBuildPhase section */

/* Begin PBXSourcesBuildPhase section */
		CC6A5B44273AD33000848D29 /* Sources */ = {
			isa = PBXSourcesBuildPhase;
			buildActionMask = 2147483647;
			files = (
				CC6A5B87273B8C4600848D29 /* FirstVC.swift in Sources */,
				CC6A5B4C273AD33000848D29 /* AppDelegate.swift in Sources */,
				CC6A5B89273B8FDD00848D29 /* User.swift in Sources */,
				CC6A5B8B273BE4B600848D29 /* UserCell.swift in Sources */,
				CC6A5B8E273C366900848D29 /* UIImageViewExt.swift in Sources */,
				CC6A5B7C273ADBD500848D29 /* SecondVC.swift in Sources */,
				CC6A5B4E273AD33000848D29 /* SceneDelegate.swift in Sources */,
				CC6A5B90273C414C00848D29 /* UserVM.swift in Sources */,
			);
			runOnlyForDeploymentPostprocessing = 0;
		};
		CC6A5B5A273AD33200848D29 /* Sources */ = {
			isa = PBXSourcesBuildPhase;
			buildActionMask = 2147483647;
			files = (
				CC6A5B63273AD33200848D29 /* ElmAssignmentTests.swift in Sources */,
			);
			runOnlyForDeploymentPostprocessing = 0;
		};
		CC6A5B64273AD33200848D29 /* Sources */ = {
			isa = PBXSourcesBuildPhase;
			buildActionMask = 2147483647;
			files = (
				CC6A5B6F273AD33200848D29 /* ElmAssignmentUITestsLaunchTests.swift in Sources */,
				CC6A5B6D273AD33200848D29 /* ElmAssignmentUITests.swift in Sources */,
			);
			runOnlyForDeploymentPostprocessing = 0;
		};
/* End PBXSourcesBuildPhase section */

/* Begin PBXTargetDependency section */
		CC6A5B60273AD33200848D29 /* PBXTargetDependency */ = {
			isa = PBXTargetDependency;
			target = CC6A5B47273AD33000848D29 /* ElmAssignment */;
			targetProxy = CC6A5B5F273AD33200848D29 /* PBXContainerItemProxy */;
		};
		CC6A5B6A273AD33200848D29 /* PBXTargetDependency */ = {
			isa = PBXTargetDependency;
			target = CC6A5B47273AD33000848D29 /* ElmAssignment */;
			targetProxy = CC6A5B69273AD33200848D29 /* PBXContainerItemProxy */;
		};
/* End PBXTargetDependency section */

/* Begin PBXVariantGroup section */
		CC6A5B51273AD33000848D29 /* Main.storyboard */ = {
			isa = PBXVariantGroup;
			children = (
				CC6A5B52273AD33000848D29 /* Base */,
			);
			name = Main.storyboard;
			sourceTree = "<group>";
		};
		CC6A5B56273AD33200848D29 /* LaunchScreen.storyboard */ = {
			isa = PBXVariantGroup;
			children = (
				CC6A5B57273AD33200848D29 /* Base */,
			);
			name = LaunchScreen.storyboard;
			sourceTree = "<group>";
		};
/* End PBXVariantGroup section */

/* Begin XCBuildConfiguration section */
		CC6A5B70273AD33200848D29 /* Debug */ = {
			isa = XCBuildConfiguration;
			buildSettings = {
				ALWAYS_SEARCH_USER_PATHS = NO;
				CLANG_ANALYZER_NONNULL = YES;
				CLANG_ANALYZER_NUMBER_OBJECT_CONVERSION = YES_AGGRESSIVE;
				CLANG_CXX_LANGUAGE_STANDARD = "gnu++17";
				CLANG_CXX_LIBRARY = "libc++";
				CLANG_ENABLE_MODULES = YES;
				CLANG_ENABLE_OBJC_ARC = YES;
				CLANG_ENABLE_OBJC_WEAK = YES;
				CLANG_WARN_BLOCK_CAPTURE_AUTORELEASING = YES;
				CLANG_WARN_BOOL_CONVERSION = YES;
				CLANG_WARN_COMMA = YES;
				CLANG_WARN_CONSTANT_CONVERSION = YES;
				CLANG_WARN_DEPRECATED_OBJC_IMPLEMENTATIONS = YES;
				CLANG_WARN_DIRECT_OBJC_ISA_USAGE = YES_ERROR;
				CLANG_WARN_DOCUMENTATION_COMMENTS = YES;
				CLANG_WARN_EMPTY_BODY = YES;
				CLANG_WARN_ENUM_CONVERSION = YES;
				CLANG_WARN_INFINITE_RECURSION = YES;
				CLANG_WARN_INT_CONVERSION = YES;
				CLANG_WARN_NON_LITERAL_NULL_CONVERSION = YES;
				CLANG_WARN_OBJC_IMPLICIT_RETAIN_SELF = YES;
				CLANG_WARN_OBJC_LITERAL_CONVERSION = YES;
				CLANG_WARN_OBJC_ROOT_CLASS = YES_ERROR;
				CLANG_WARN_QUOTED_INCLUDE_IN_FRAMEWORK_HEADER = YES;
				CLANG_WARN_RANGE_LOOP_ANALYSIS = YES;
				CLANG_WARN_STRICT_PROTOTYPES = YES;
				CLANG_WARN_SUSPICIOUS_MOVE = YES;
				CLANG_WARN_UNGUARDED_AVAILABILITY = YES_AGGRESSIVE;
				CLANG_WARN_UNREACHABLE_CODE = YES;
				CLANG_WARN__DUPLICATE_METHOD_MATCH = YES;
				COPY_PHASE_STRIP = NO;
				DEBUG_INFORMATION_FORMAT = dwarf;
				ENABLE_STRICT_OBJC_MSGSEND = YES;
				ENABLE_TESTABILITY = YES;
				GCC_C_LANGUAGE_STANDARD = gnu11;
				GCC_DYNAMIC_NO_PIC = NO;
				GCC_NO_COMMON_BLOCKS = YES;
				GCC_OPTIMIZATION_LEVEL = 0;
				GCC_PREPROCESSOR_DEFINITIONS = (
					"DEBUG=1",
					"$(inherited)",
				);
				GCC_WARN_64_TO_32_BIT_CONVERSION = YES;
				GCC_WARN_ABOUT_RETURN_TYPE = YES_ERROR;
				GCC_WARN_UNDECLARED_SELECTOR = YES;
				GCC_WARN_UNINITIALIZED_AUTOS = YES_AGGRESSIVE;
				GCC_WARN_UNUSED_FUNCTION = YES;
				GCC_WARN_UNUSED_VARIABLE = YES;
				IPHONEOS_DEPLOYMENT_TARGET = 15.0;
				MTL_ENABLE_DEBUG_INFO = INCLUDE_SOURCE;
				MTL_FAST_MATH = YES;
				ONLY_ACTIVE_ARCH = YES;
				SDKROOT = iphoneos;
				SWIFT_ACTIVE_COMPILATION_CONDITIONS = DEBUG;
				SWIFT_OPTIMIZATION_LEVEL = "-Onone";
			};
			name = Debug;
		};
		CC6A5B71273AD33200848D29 /* Release */ = {
			isa = XCBuildConfiguration;
			buildSettings = {
				ALWAYS_SEARCH_USER_PATHS = NO;
				CLANG_ANALYZER_NONNULL = YES;
				CLANG_ANALYZER_NUMBER_OBJECT_CONVERSION = YES_AGGRESSIVE;
				CLANG_CXX_LANGUAGE_STANDARD = "gnu++17";
				CLANG_CXX_LIBRARY = "libc++";
				CLANG_ENABLE_MODULES = YES;
				CLANG_ENABLE_OBJC_ARC = YES;
				CLANG_ENABLE_OBJC_WEAK = YES;
				CLANG_WARN_BLOCK_CAPTURE_AUTORELEASING = YES;
				CLANG_WARN_BOOL_CONVERSION = YES;
				CLANG_WARN_COMMA = YES;
				CLANG_WARN_CONSTANT_CONVERSION = YES;
				CLANG_WARN_DEPRECATED_OBJC_IMPLEMENTATIONS = YES;
				CLANG_WARN_DIRECT_OBJC_ISA_USAGE = YES_ERROR;
				CLANG_WARN_DOCUMENTATION_COMMENTS = YES;
				CLANG_WARN_EMPTY_BODY = YES;
				CLANG_WARN_ENUM_CONVERSION = YES;
				CLANG_WARN_INFINITE_RECURSION = YES;
				CLANG_WARN_INT_CONVERSION = YES;
				CLANG_WARN_NON_LITERAL_NULL_CONVERSION = YES;
				CLANG_WARN_OBJC_IMPLICIT_RETAIN_SELF = YES;
				CLANG_WARN_OBJC_LITERAL_CONVERSION = YES;
				CLANG_WARN_OBJC_ROOT_CLASS = YES_ERROR;
				CLANG_WARN_QUOTED_INCLUDE_IN_FRAMEWORK_HEADER = YES;
				CLANG_WARN_RANGE_LOOP_ANALYSIS = YES;
				CLANG_WARN_STRICT_PROTOTYPES = YES;
				CLANG_WARN_SUSPICIOUS_MOVE = YES;
				CLANG_WARN_UNGUARDED_AVAILABILITY = YES_AGGRESSIVE;
				CLANG_WARN_UNREACHABLE_CODE = YES;
				CLANG_WARN__DUPLICATE_METHOD_MATCH = YES;
				COPY_PHASE_STRIP = NO;
				DEBUG_INFORMATION_FORMAT = "dwarf-with-dsym";
				ENABLE_NS_ASSERTIONS = NO;
				ENABLE_STRICT_OBJC_MSGSEND = YES;
				GCC_C_LANGUAGE_STANDARD = gnu11;
				GCC_NO_COMMON_BLOCKS = YES;
				GCC_WARN_64_TO_32_BIT_CONVERSION = YES;
				GCC_WARN_ABOUT_RETURN_TYPE = YES_ERROR;
				GCC_WARN_UNDECLARED_SELECTOR = YES;
				GCC_WARN_UNINITIALIZED_AUTOS = YES_AGGRESSIVE;
				GCC_WARN_UNUSED_FUNCTION = YES;
				GCC_WARN_UNUSED_VARIABLE = YES;
				IPHONEOS_DEPLOYMENT_TARGET = 15.0;
				MTL_ENABLE_DEBUG_INFO = NO;
				MTL_FAST_MATH = YES;
				SDKROOT = iphoneos;
				SWIFT_COMPILATION_MODE = wholemodule;
				SWIFT_OPTIMIZATION_LEVEL = "-O";
				VALIDATE_PRODUCT = YES;
			};
			name = Release;
		};
		CC6A5B73273AD33200848D29 /* Debug */ = {
			isa = XCBuildConfiguration;
			buildSettings = {
				ASSETCATALOG_COMPILER_APPICON_NAME = AppIcon;
				ASSETCATALOG_COMPILER_GLOBAL_ACCENT_COLOR_NAME = AccentColor;
				CODE_SIGN_STYLE = Automatic;
				CURRENT_PROJECT_VERSION = 1;
				DEVELOPMENT_TEAM = CU7H3U3GVD;
				GENERATE_INFOPLIST_FILE = YES;
				INFOPLIST_FILE = ElmAssignment/Info.plist;
				INFOPLIST_KEY_UIApplicationSupportsIndirectInputEvents = YES;
				INFOPLIST_KEY_UILaunchStoryboardName = LaunchScreen;
				INFOPLIST_KEY_UIMainStoryboardFile = Main;
				INFOPLIST_KEY_UISupportedInterfaceOrientations_iPad = "UIInterfaceOrientationPortrait UIInterfaceOrientationPortraitUpsideDown UIInterfaceOrientationLandscapeLeft UIInterfaceOrientationLandscapeRight";
				INFOPLIST_KEY_UISupportedInterfaceOrientations_iPhone = "UIInterfaceOrientationPortrait UIInterfaceOrientationLandscapeLeft UIInterfaceOrientationLandscapeRight";
				IPHONEOS_DEPLOYMENT_TARGET = 14.0;
				LD_RUNPATH_SEARCH_PATHS = (
					"$(inherited)",
					"@executable_path/Frameworks",
				);
				MARKETING_VERSION = 1.0;
				PRODUCT_BUNDLE_IDENTIFIER = co.easycode.ElmAssignment;
				PRODUCT_NAME = "$(TARGET_NAME)";
				SWIFT_EMIT_LOC_STRINGS = YES;
				SWIFT_VERSION = 5.0;
				TARGETED_DEVICE_FAMILY = "1,2";
			};
			name = Debug;
		};
		CC6A5B74273AD33200848D29 /* Release */ = {
			isa = XCBuildConfiguration;
			buildSettings = {
				ASSETCATALOG_COMPILER_APPICON_NAME = AppIcon;
				ASSETCATALOG_COMPILER_GLOBAL_ACCENT_COLOR_NAME = AccentColor;
				CODE_SIGN_STYLE = Automatic;
				CURRENT_PROJECT_VERSION = 1;
				DEVELOPMENT_TEAM = CU7H3U3GVD;
				GENERATE_INFOPLIST_FILE = YES;
				INFOPLIST_FILE = ElmAssignment/Info.plist;
				INFOPLIST_KEY_UIApplicationSupportsIndirectInputEvents = YES;
				INFOPLIST_KEY_UILaunchStoryboardName = LaunchScreen;
				INFOPLIST_KEY_UIMainStoryboardFile = Main;
				INFOPLIST_KEY_UISupportedInterfaceOrientations_iPad = "UIInterfaceOrientationPortrait UIInterfaceOrientationPortraitUpsideDown UIInterfaceOrientationLandscapeLeft UIInterfaceOrientationLandscapeRight";
				INFOPLIST_KEY_UISupportedInterfaceOrientations_iPhone = "UIInterfaceOrientationPortrait UIInterfaceOrientationLandscapeLeft UIInterfaceOrientationLandscapeRight";
				IPHONEOS_DEPLOYMENT_TARGET = 14.0;
				LD_RUNPATH_SEARCH_PATHS = (
					"$(inherited)",
					"@executable_path/Frameworks",
				);
				MARKETING_VERSION = 1.0;
				PRODUCT_BUNDLE_IDENTIFIER = co.easycode.ElmAssignment;
				PRODUCT_NAME = "$(TARGET_NAME)";
				SWIFT_EMIT_LOC_STRINGS = YES;
				SWIFT_VERSION = 5.0;
				TARGETED_DEVICE_FAMILY = "1,2";
			};
			name = Release;
		};
		CC6A5B76273AD33200848D29 /* Debug */ = {
			isa = XCBuildConfiguration;
			buildSettings = {
				ALWAYS_EMBED_SWIFT_STANDARD_LIBRARIES = YES;
				BUNDLE_LOADER = "$(TEST_HOST)";
				CODE_SIGN_STYLE = Automatic;
				CURRENT_PROJECT_VERSION = 1;
				DEVELOPMENT_TEAM = CU7H3U3GVD;
				GENERATE_INFOPLIST_FILE = YES;
				IPHONEOS_DEPLOYMENT_TARGET = 15.0;
				LD_RUNPATH_SEARCH_PATHS = (
					"$(inherited)",
					"@executable_path/Frameworks",
					"@loader_path/Frameworks",
				);
				MARKETING_VERSION = 1.0;
				PRODUCT_BUNDLE_IDENTIFIER = co.easycode.ElmAssignmentTests;
				PRODUCT_NAME = "$(TARGET_NAME)";
				SWIFT_EMIT_LOC_STRINGS = NO;
				SWIFT_VERSION = 5.0;
				TARGETED_DEVICE_FAMILY = "1,2";
				TEST_HOST = "$(BUILT_PRODUCTS_DIR)/ElmAssignment.app/ElmAssignment";
			};
			name = Debug;
		};
		CC6A5B77273AD33200848D29 /* Release */ = {
			isa = XCBuildConfiguration;
			buildSettings = {
				ALWAYS_EMBED_SWIFT_STANDARD_LIBRARIES = YES;
				BUNDLE_LOADER = "$(TEST_HOST)";
				CODE_SIGN_STYLE = Automatic;
				CURRENT_PROJECT_VERSION = 1;
				DEVELOPMENT_TEAM = CU7H3U3GVD;
				GENERATE_INFOPLIST_FILE = YES;
				IPHONEOS_DEPLOYMENT_TARGET = 15.0;
				LD_RUNPATH_SEARCH_PATHS = (
					"$(inherited)",
					"@executable_path/Frameworks",
					"@loader_path/Frameworks",
				);
				MARKETING_VERSION = 1.0;
				PRODUCT_BUNDLE_IDENTIFIER = co.easycode.ElmAssignmentTests;
				PRODUCT_NAME = "$(TARGET_NAME)";
				SWIFT_EMIT_LOC_STRINGS = NO;
				SWIFT_VERSION = 5.0;
				TARGETED_DEVICE_FAMILY = "1,2";
				TEST_HOST = "$(BUILT_PRODUCTS_DIR)/ElmAssignment.app/ElmAssignment";
			};
			name = Release;
		};
		CC6A5B79273AD33200848D29 /* Debug */ = {
			isa = XCBuildConfiguration;
			buildSettings = {
				ALWAYS_EMBED_SWIFT_STANDARD_LIBRARIES = YES;
				CODE_SIGN_STYLE = Automatic;
				CURRENT_PROJECT_VERSION = 1;
				DEVELOPMENT_TEAM = CU7H3U3GVD;
				GENERATE_INFOPLIST_FILE = YES;
				LD_RUNPATH_SEARCH_PATHS = (
					"$(inherited)",
					"@executable_path/Frameworks",
					"@loader_path/Frameworks",
				);
				MARKETING_VERSION = 1.0;
				PRODUCT_BUNDLE_IDENTIFIER = co.easycode.ElmAssignmentUITests;
				PRODUCT_NAME = "$(TARGET_NAME)";
				SWIFT_EMIT_LOC_STRINGS = NO;
				SWIFT_VERSION = 5.0;
				TARGETED_DEVICE_FAMILY = "1,2";
				TEST_TARGET_NAME = ElmAssignment;
			};
			name = Debug;
		};
		CC6A5B7A273AD33200848D29 /* Release */ = {
			isa = XCBuildConfiguration;
			buildSettings = {
				ALWAYS_EMBED_SWIFT_STANDARD_LIBRARIES = YES;
				CODE_SIGN_STYLE = Automatic;
				CURRENT_PROJECT_VERSION = 1;
				DEVELOPMENT_TEAM = CU7H3U3GVD;
				GENERATE_INFOPLIST_FILE = YES;
				LD_RUNPATH_SEARCH_PATHS = (
					"$(inherited)",
					"@executable_path/Frameworks",
					"@loader_path/Frameworks",
				);
				MARKETING_VERSION = 1.0;
				PRODUCT_BUNDLE_IDENTIFIER = co.easycode.ElmAssignmentUITests;
				PRODUCT_NAME = "$(TARGET_NAME)";
				SWIFT_EMIT_LOC_STRINGS = NO;
				SWIFT_VERSION = 5.0;
				TARGETED_DEVICE_FAMILY = "1,2";
				TEST_TARGET_NAME = ElmAssignment;
			};
			name = Release;
		};
/* End XCBuildConfiguration section */

/* Begin XCConfigurationList section */
		CC6A5B43273AD33000848D29 /* Build configuration list for PBXProject "ElmAssignment" */ = {
			isa = XCConfigurationList;
			buildConfigurations = (
				CC6A5B70273AD33200848D29 /* Debug */,
				CC6A5B71273AD33200848D29 /* Release */,
			);
			defaultConfigurationIsVisible = 0;
			defaultConfigurationName = Release;
		};
		CC6A5B72273AD33200848D29 /* Build configuration list for PBXNativeTarget "ElmAssignment" */ = {
			isa = XCConfigurationList;
			buildConfigurations = (
				CC6A5B73273AD33200848D29 /* Debug */,
				CC6A5B74273AD33200848D29 /* Release */,
			);
			defaultConfigurationIsVisible = 0;
			defaultConfigurationName = Release;
		};
		CC6A5B75273AD33200848D29 /* Build configuration list for PBXNativeTarget "ElmAssignmentTests" */ = {
			isa = XCConfigurationList;
			buildConfigurations = (
				CC6A5B76273AD33200848D29 /* Debug */,
				CC6A5B77273AD33200848D29 /* Release */,
			);
			defaultConfigurationIsVisible = 0;
			defaultConfigurationName = Release;
		};
		CC6A5B78273AD33200848D29 /* Build configuration list for PBXNativeTarget "ElmAssignmentUITests" */ = {
			isa = XCConfigurationList;
			buildConfigurations = (
				CC6A5B79273AD33200848D29 /* Debug */,
				CC6A5B7A273AD33200848D29 /* Release */,
			);
			defaultConfigurationIsVisible = 0;
			defaultConfigurationName = Release;
		};
/* End XCConfigurationList section */

/* Begin XCRemoteSwiftPackageReference section */
		CC641B5A273D1BEB00FB268B /* XCRemoteSwiftPackageReference "ServiceData" */ = {
			isa = XCRemoteSwiftPackageReference;
			repositoryURL = "https://github.com/Easycodeco/ServiceData";
			requirement = {
				kind = exactVersion;
				version = 1.0.1;
			};
		};
/* End XCRemoteSwiftPackageReference section */

/* Begin XCSwiftPackageProductDependency section */
		CC641B5B273D1BEB00FB268B /* ServiceData */ = {
			isa = XCSwiftPackageProductDependency;
			package = CC641B5A273D1BEB00FB268B /* XCRemoteSwiftPackageReference "ServiceData" */;
			productName = ServiceData;
		};
/* End XCSwiftPackageProductDependency section */
	};
	rootObject = CC6A5B40273AD33000848D29 /* Project object */;
}
